
Microsoft Visual Studio Solution File, Format Version 12.00
# Visual Studio Version 17
VisualStudioVersion = 17.9.34902.65
MinimumVisualStudioVersion = 10.0.40219.1
Project("{FAE04EC0-301F-11D3-BF4B-00C04F79EFBC}") = "MVCCourse", "MVCCourse\MVCCourse.csproj", "{FE1AF673-FC59-418F-806B-BC5E8FE3342D}"
EndProject
Global
	GlobalSection(SolutionConfigurationPlatforms) = preSolution
		Debug|Any CPU = Debug|Any CPU
		Release|Any CPU = Release|Any CPU
	EndGlobalSection
	GlobalSection(ProjectConfigurationPlatforms) = postSolution
		{FE1AF673-FC59-418F-806B-BC5E8FE3342D}.Debug|Any CPU.ActiveCfg = Debug|Any CPU
		{FE1AF673-FC59-418F-806B-BC5E8FE3342D}.Debug|Any CPU.Build.0 = Debug|Any CPU
		{FE1AF673-FC59-418F-806B-BC5E8FE3342D}.Release|Any CPU.ActiveCfg = Release|Any CPU
		{FE1AF673-FC59-418F-806B-BC5E8FE3342D}.Release|Any CPU.Build.0 = Release|Any CPU
	EndGlobalSection
	GlobalSection(SolutionProperties) = preSolution
		HideSolutionNode = FALSE
	EndGlobalSection
	GlobalSection(ExtensibilityGlobals) = postSolution
		SolutionGuid = {782ADF30-173A-43B4-9C06-2786211E5C7D}
	EndGlobalSection
EndGlobal
